Microsoft Visual Studio Solution File, Format Version 11.00
# Visual Studio 2008

Project("{E40D2697-D10E-AFBC-146F-477E065C5CF0}") = "PROJETO", "Assembly-CSharp.csproj", "{111C491B-A6D1-B23B-54ED-272231205378}"
EndProject
Global
	GlobalSection(SolutionConfigurationPlatforms) = preSolution
		Debug|Any CPU = Debug|Any CPU
		Release|Any CPU = Release|Any CPU
	EndGlobalSection
	GlobalSection(ProjectConfigurationPlatforms) = postSolution
		{111C491B-A6D1-B23B-54ED-272231205378}.Debug|Any CPU.ActiveCfg = Debug|Any CPU
		{111C491B-A6D1-B23B-54ED-272231205378}.Debug|Any CPU.Build.0 = Debug|Any CPU
		{111C491B-A6D1-B23B-54ED-272231205378}.Release|Any CPU.ActiveCfg = Release|Any CPU
		{111C491B-A6D1-B23B-54ED-272231205378}.Release|Any CPU.Build.0 = Release|Any CPU
	EndGlobalSection
	GlobalSection(SolutionProperties) = preSolution
		HideSolutionNode = FALSE
	EndGlobalSection
	GlobalSection(MonoDevelopProperties) = preSolution
		StartupItem = Assembly-CSharp.csproj
	EndGlobalSection
EndGlobal
